// !$*UTF8*$!
{
	archiveVersion = 1;
	classes = {
	};
	objectVersion = 56;
	objects = {

/* Begin PBXBuildFile section */
		2318D5682979E54D006CBDD1 /* AppConstants.swift in Sources */ = {isa = PBXBuildFile; fileRef = 2318D5672979E54D006CBDD1 /* AppConstants.swift */; };
		23272CAA297873120050EB32 /* GHSearcResultModel.swift in Sources */ = {isa = PBXBuildFile; fileRef = 23272CA9297873110050EB32 /* GHSearcResultModel.swift */; };
		23272CAF2978920C0050EB32 /* UserTableViewCell.swift in Sources */ = {isa = PBXBuildFile; fileRef = 23272CAD2978920B0050EB32 /* UserTableViewCell.swift */; };
		23272CB02978920C0050EB32 /* UserTableViewCell.xib in Resources */ = {isa = PBXBuildFile; fileRef = 23272CAE2978920B0050EB32 /* UserTableViewCell.xib */; };
		23272CB2297894160050EB32 /* CacheManager.swift in Sources */ = {isa = PBXBuildFile; fileRef = 23272CB1297894160050EB32 /* CacheManager.swift */; };
		234DE8E429C3398A00B71B59 /* UserModel.swift in Sources */ = {isa = PBXBuildFile; fileRef = 234DE8E329C3398A00B71B59 /* UserModel.swift */; };
		2370B03D2979A29C000799FB /* NetworkManager.swift in Sources */ = {isa = PBXBuildFile; fileRef = 2370B03C2979A29C000799FB /* NetworkManager.swift */; };
		23858DB02971EF0F00FDFCC9 /* AppDelegate.swift in Sources */ = {isa = PBXBuildFile; fileRef = 23858DAF2971EF0F00FDFCC9 /* AppDelegate.swift */; };
		23858DB22971EF0F00FDFCC9 /* SceneDelegate.swift in Sources */ = {isa = PBXBuildFile; fileRef = 23858DB12971EF0F00FDFCC9 /* SceneDelegate.swift */; };
		23858DB42971EF0F00FDFCC9 /* UsersViewController.swift in Sources */ = {isa = PBXBuildFile; fileRef = 23858DB32971EF0F00FDFCC9 /* UsersViewController.swift */; };
		23858DB72971EF0F00FDFCC9 /* Main.storyboard in Resources */ = {isa = PBXBuildFile; fileRef = 23858DB52971EF0F00FDFCC9 /* Main.storyboard */; };
		23858DB92971EF1300FDFCC9 /* Assets.xcassets in Resources */ = {isa = PBXBuildFile; fileRef = 23858DB82971EF1300FDFCC9 /* Assets.xcassets */; };
		23858DBC2971EF1300FDFCC9 /* LaunchScreen.storyboard in Resources */ = {isa = PBXBuildFile; fileRef = 23858DBA2971EF1300FDFCC9 /* LaunchScreen.storyboard */; };
		23858DC429749B4500FDFCC9 /* GHUserDatal.swift in Sources */ = {isa = PBXBuildFile; fileRef = 23858DC329749B4500FDFCC9 /* GHUserDatal.swift */; };
		23ECC50129794B210012EAA3 /* GHPlanModel.swift in Sources */ = {isa = PBXBuildFile; fileRef = 23ECC50029794B210012EAA3 /* GHPlanModel.swift */; };
		23ECC50329794D350012EAA3 /* GHAuthenticatedUserModel.swift in Sources */ = {isa = PBXBuildFile; fileRef = 23ECC50229794D350012EAA3 /* GHAuthenticatedUserModel.swift */; };
/* End PBXBuildFile section */

/* Begin PBXFileReference section */
		2318D5672979E54D006CBDD1 /* AppConstants.swift */ = {isa = PBXFileReference; lastKnownFileType = sourcecode.swift; path = AppConstants.swift; sourceTree = "<group>"; };
		23272CA9297873110050EB32 /* GHSearcResultModel.swift */ = {isa = PBXFileReference; lastKnownFileType = sourcecode.swift; path = GHSearcResultModel.swift; sourceTree = "<group>"; };
		23272CAD2978920B0050EB32 /* UserTableViewCell.swift */ = {isa = PBXFileReference; lastKnownFileType = sourcecode.swift; path = UserTableViewCell.swift; sourceTree = "<group>"; };
		23272CAE2978920B0050EB32 /* UserTableViewCell.xib */ = {isa = PBXFileReference; lastKnownFileType = file.xib; path = UserTableViewCell.xib; sourceTree = "<group>"; };
		23272CB1297894160050EB32 /* CacheManager.swift */ = {isa = PBXFileReference; lastKnownFileType = sourcecode.swift; path = CacheManager.swift; sourceTree = "<group>"; };
		234DE8E329C3398A00B71B59 /* UserModel.swift */ = {isa = PBXFileReference; lastKnownFileType = sourcecode.swift; path = UserModel.swift; sourceTree = "<group>"; };
		2370B03C2979A29C000799FB /* NetworkManager.swift */ = {isa = PBXFileReference; lastKnownFileType = sourcecode.swift; path = NetworkManager.swift; sourceTree = "<group>"; };
		23858DAC2971EF0F00FDFCC9 /* GitHub API App.app */ = {isa = PBXFileReference; explicitFileType = wrapper.application; includeInIndex = 0; path = "GitHub API App.app"; sourceTree = BUILT_PRODUCTS_DIR; };
		23858DAF2971EF0F00FDFCC9 /* AppDelegate.swift */ = {isa = PBXFileReference; lastKnownFileType = sourcecode.swift; path = AppDelegate.swift; sourceTree = "<group>"; };
		23858DB12971EF0F00FDFCC9 /* SceneDelegate.swift */ = {isa = PBXFileReference; lastKnownFileType = sourcecode.swift; path = SceneDelegate.swift; sourceTree = "<group>"; };
		23858DB32971EF0F00FDFCC9 /* UsersViewController.swift */ = {isa = PBXFileReference; lastKnownFileType = sourcecode.swift; path = UsersViewController.swift; sourceTree = "<group>"; };
		23858DB62971EF0F00FDFCC9 /* Base */ = {isa = PBXFileReference; lastKnownFileType = file.storyboard; name = Base; path = Base.lproj/Main.storyboard; sourceTree = "<group>"; };
		23858DB82971EF1300FDFCC9 /* Assets.xcassets */ = {isa = PBXFileReference; lastKnownFileType = folder.assetcatalog; path = Assets.xcassets; sourceTree = "<group>"; };
		23858DBB2971EF1300FDFCC9 /* Base */ = {isa = PBXFileReference; lastKnownFileType = file.storyboard; name = Base; path = Base.lproj/LaunchScreen.storyboard; sourceTree = "<group>"; };
		23858DBD2971EF1300FDFCC9 /* Info.plist */ = {isa = PBXFileReference; lastKnownFileType = text.plist.xml; path = Info.plist; sourceTree = "<group>"; };
		23858DC329749B4500FDFCC9 /* GHUserDatal.swift */ = {isa = PBXFileReference; lastKnownFileType = sourcecode.swift; path = GHUserDatal.swift; sourceTree = "<group>"; };
		23ECC50029794B210012EAA3 /* GHPlanModel.swift */ = {isa = PBXFileReference; lastKnownFileType = sourcecode.swift; path = GHPlanModel.swift; sourceTree = "<group>"; };
		23ECC50229794D350012EAA3 /* GHAuthenticatedUserModel.swift */ = {isa = PBXFileReference; lastKnownFileType = sourcecode.swift; path = GHAuthenticatedUserModel.swift; sourceTree = "<group>"; };
/* End PBXFileReference section */

/* Begin PBXFrameworksBuildPhase section */
		23858DA92971EF0F00FDFCC9 /* Frameworks */ = {
			isa = PBXFrameworksBuildPhase;
			buildActionMask = 2147483647;
			files = (
			);
			runOnlyForDeploymentPostprocessing = 0;
		};
/* End PBXFrameworksBuildPhase section */

/* Begin PBXGroup section */
		23272CB3297895860050EB32 /* Model */ = {
			isa = PBXGroup;
			children = (
				23858DC329749B4500FDFCC9 /* GHUserDatal.swift */,
				23ECC50229794D350012EAA3 /* GHAuthenticatedUserModel.swift */,
				23ECC50029794B210012EAA3 /* GHPlanModel.swift */,
				23272CA9297873110050EB32 /* GHSearcResultModel.swift */,
			);
			path = Model;
			sourceTree = "<group>";
		};
		2343F55F2983394A00108166 /* Resources */ = {
			isa = PBXGroup;
			children = (
				23858DBD2971EF1300FDFCC9 /* Info.plist */,
				23858DB82971EF1300FDFCC9 /* Assets.xcassets */,
			);
			path = Resources;
			sourceTree = "<group>";
		};
		2343F5602983399300108166 /* View */ = {
			isa = PBXGroup;
			children = (
				23858DB52971EF0F00FDFCC9 /* Main.storyboard */,
				23272CAE2978920B0050EB32 /* UserTableViewCell.xib */,
				23858DBA2971EF1300FDFCC9 /* LaunchScreen.storyboard */,
			);
			path = View;
			sourceTree = "<group>";
		};
		2343F561298339AF00108166 /* Controllers */ = {
			isa = PBXGroup;
			children = (
				23858DB32971EF0F00FDFCC9 /* UsersViewController.swift */,
			);
			path = Controllers;
			sourceTree = "<group>";
		};
		2370B03E2979A475000799FB /* API */ = {
			isa = PBXGroup;
			children = (
				23272CB3297895860050EB32 /* Model */,
				2370B03C2979A29C000799FB /* NetworkManager.swift */,
			);
			path = API;
			sourceTree = "<group>";
		};
		23858DA32971EF0F00FDFCC9 = {
			isa = PBXGroup;
			children = (
				23858DAE2971EF0F00FDFCC9 /* GitHub API App */,
				23858DAD2971EF0F00FDFCC9 /* Products */,
			);
			sourceTree = "<group>";
		};
		23858DAD2971EF0F00FDFCC9 /* Products */ = {
			isa = PBXGroup;
			children = (
				23858DAC2971EF0F00FDFCC9 /* GitHub API App.app */,
			);
			name = Products;
			sourceTree = "<group>";
		};
		23858DAE2971EF0F00FDFCC9 /* GitHub API App */ = {
			isa = PBXGroup;
			children = (
				23858DAF2971EF0F00FDFCC9 /* AppDelegate.swift */,
				23858DB12971EF0F00FDFCC9 /* SceneDelegate.swift */,
				2370B03E2979A475000799FB /* API */,
				234DE8E329C3398A00B71B59 /* UserModel.swift */,
				2343F561298339AF00108166 /* Controllers */,
				2318D5672979E54D006CBDD1 /* AppConstants.swift */,
				2343F55F2983394A00108166 /* Resources */,
				23272CB1297894160050EB32 /* CacheManager.swift */,
				23272CAD2978920B0050EB32 /* UserTableViewCell.swift */,
				2343F5602983399300108166 /* View */,
			);
			path = "GitHub API App";
			sourceTree = "<group>";
		};
/* End PBXGroup section */

/* Begin PBXNativeTarget section */
		23858DAB2971EF0F00FDFCC9 /* GitHub API App */ = {
			isa = PBXNativeTarget;
			buildConfigurationList = 23858DC02971EF1300FDFCC9 /* Build configuration list for PBXNativeTarget "GitHub API App" */;
			buildPhases = (
				23858DA82971EF0F00FDFCC9 /* Sources */,
				23858DA92971EF0F00FDFCC9 /* Frameworks */,
				23858DAA2971EF0F00FDFCC9 /* Resources */,
			);
			buildRules = (
			);
			dependencies = (
			);
			name = "GitHub API App";
			productName = "GitHub API App";
			productReference = 23858DAC2971EF0F00FDFCC9 /* GitHub API App.app */;
			productType = "com.apple.product-type.application";
		};
/* End PBXNativeTarget section */

/* Begin PBXProject section */
		23858DA42971EF0F00FDFCC9 /* Project object */ = {
			isa = PBXProject;
			attributes = {
				BuildIndependentTargetsInParallel = 1;
				LastSwiftUpdateCheck = 1420;
				LastUpgradeCheck = 1420;
				TargetAttributes = {
					23858DAB2971EF0F00FDFCC9 = {
						CreatedOnToolsVersion = 14.2;
					};
				};
			};
			buildConfigurationList = 23858DA72971EF0F00FDFCC9 /* Build configuration list for PBXProject "GitHub API App" */;
			compatibilityVersion = "Xcode 14.0";
			developmentRegion = en;
			hasScannedForEncodings = 0;
			knownRegions = (
				en,
				Base,
			);
			mainGroup = 23858DA32971EF0F00FDFCC9;
			productRefGroup = 23858DAD2971EF0F00FDFCC9 /* Products */;
			projectDirPath = "";
			projectRoot = "";
			targets = (
				23858DAB2971EF0F00FDFCC9 /* GitHub API App */,
			);
		};
/* End PBXProject section */

/* Begin PBXResourcesBuildPhase section */
		23858DAA2971EF0F00FDFCC9 /* Resources */ = {
			isa = PBXResourcesBuildPhase;
			buildActionMask = 2147483647;
			files = (
				23272CB02978920C0050EB32 /* UserTableViewCell.xib in Resources */,
				23858DBC2971EF1300FDFCC9 /* LaunchScreen.storyboard in Resources */,
				23858DB92971EF1300FDFCC9 /* Assets.xcassets in Resources */,
				23858DB72971EF0F00FDFCC9 /* Main.storyboard in Resources */,
			);
			runOnlyForDeploymentPostprocessing = 0;
		};
/* End PBXResourcesBuildPhase section */

/* Begin PBXSourcesBuildPhase section */
		23858DA82971EF0F00FDFCC9 /* Sources */ = {
			isa = PBXSourcesBuildPhase;
			buildActionMask = 2147483647;
			files = (
				23858DC429749B4500FDFCC9 /* GHUserDatal.swift in Sources */,
				23858DB42971EF0F00FDFCC9 /* UsersViewController.swift in Sources */,
				2370B03D2979A29C000799FB /* NetworkManager.swift in Sources */,
				2318D5682979E54D006CBDD1 /* AppConstants.swift in Sources */,
				23272CAA297873120050EB32 /* GHSearcResultModel.swift in Sources */,
				23858DB02971EF0F00FDFCC9 /* AppDelegate.swift in Sources */,
				23ECC50329794D350012EAA3 /* GHAuthenticatedUserModel.swift in Sources */,
				23272CAF2978920C0050EB32 /* UserTableViewCell.swift in Sources */,
				23858DB22971EF0F00FDFCC9 /* SceneDelegate.swift in Sources */,
				23ECC50129794B210012EAA3 /* GHPlanModel.swift in Sources */,
				234DE8E429C3398A00B71B59 /* UserModel.swift in Sources */,
				23272CB2297894160050EB32 /* CacheManager.swift in Sources */,
			);
			runOnlyForDeploymentPostprocessing = 0;
		};
/* End PBXSourcesBuildPhase section */

/* Begin PBXVariantGroup section */
		23858DB52971EF0F00FDFCC9 /* Main.storyboard */ = {
			isa = PBXVariantGroup;
			children = (
				23858DB62971EF0F00FDFCC9 /* Base */,
			);
			name = Main.storyboard;
			sourceTree = "<group>";
		};
		23858DBA2971EF1300FDFCC9 /* LaunchScreen.storyboard */ = {
			isa = PBXVariantGroup;
			children = (
				23858DBB2971EF1300FDFCC9 /* Base */,
			);
			name = LaunchScreen.storyboard;
			sourceTree = "<group>";
		};
/* End PBXVariantGroup section */

/* Begin XCBuildConfiguration section */
		23858DBE2971EF1300FDFCC9 /* Debug */ = {
			isa = XCBuildConfiguration;
			buildSettings = {
				ALWAYS_SEARCH_USER_PATHS = NO;
				CLANG_ANALYZER_NONNULL = YES;
				CLANG_ANALYZER_NUMBER_OBJECT_CONVERSION = YES_AGGRESSIVE;
				CLANG_CXX_LANGUAGE_STANDARD = "gnu++20";
				CLANG_ENABLE_MODULES = YES;
				CLANG_ENABLE_OBJC_ARC = YES;
				CLANG_ENABLE_OBJC_WEAK = YES;
				CLANG_WARN_BLOCK_CAPTURE_AUTORELEASING = YES;
				CLANG_WARN_BOOL_CONVERSION = YES;
				CLANG_WARN_COMMA = YES;
				CLANG_WARN_CONSTANT_CONVERSION = YES;
				CLANG_WARN_DEPRECATED_OBJC_IMPLEMENTATIONS = YES;
				CLANG_WARN_DIRECT_OBJC_ISA_USAGE = YES_ERROR;
				CLANG_WARN_DOCUMENTATION_COMMENTS = YES;
				CLANG_WARN_EMPTY_BODY = YES;
				CLANG_WARN_ENUM_CONVERSION = YES;
				CLANG_WARN_INFINITE_RECURSION = YES;
				CLANG_WARN_INT_CONVERSION = YES;
				CLANG_WARN_NON_LITERAL_NULL_CONVERSION = YES;
				CLANG_WARN_OBJC_IMPLICIT_RETAIN_SELF = YES;
				CLANG_WARN_OBJC_LITERAL_CONVERSION = YES;
				CLANG_WARN_OBJC_ROOT_CLASS = YES_ERROR;
				CLANG_WARN_QUOTED_INCLUDE_IN_FRAMEWORK_HEADER = YES;
				CLANG_WARN_RANGE_LOOP_ANALYSIS = YES;
				CLANG_WARN_STRICT_PROTOTYPES = YES;
				CLANG_WARN_SUSPICIOUS_MOVE = YES;
				CLANG_WARN_UNGUARDED_AVAILABILITY = YES_AGGRESSIVE;
				CLANG_WARN_UNREACHABLE_CODE = YES;
				CLANG_WARN__DUPLICATE_METHOD_MATCH = YES;
				COPY_PHASE_STRIP = NO;
				DEBUG_INFORMATION_FORMAT = dwarf;
				ENABLE_STRICT_OBJC_MSGSEND = YES;
				ENABLE_TESTABILITY = YES;
				GCC_C_LANGUAGE_STANDARD = gnu11;
				GCC_DYNAMIC_NO_PIC = NO;
				GCC_NO_COMMON_BLOCKS = YES;
				GCC_OPTIMIZATION_LEVEL = 0;
				GCC_PREPROCESSOR_DEFINITIONS = (
					"DEBUG=1",
					"$(inherited)",
				);
				GCC_WARN_64_TO_32_BIT_CONVERSION = YES;
				GCC_WARN_ABOUT_RETURN_TYPE = YES_ERROR;
				GCC_WARN_UNDECLARED_SELECTOR = YES;
				GCC_WARN_UNINITIALIZED_AUTOS = YES_AGGRESSIVE;
				GCC_WARN_UNUSED_FUNCTION = YES;
				GCC_WARN_UNUSED_VARIABLE = YES;
				IPHONEOS_DEPLOYMENT_TARGET = 13.0;
				MTL_ENABLE_DEBUG_INFO = INCLUDE_SOURCE;
				MTL_FAST_MATH = YES;
				ONLY_ACTIVE_ARCH = YES;
				SDKROOT = iphoneos;
				SWIFT_ACTIVE_COMPILATION_CONDITIONS = DEBUG;
				SWIFT_OPTIMIZATION_LEVEL = "-Onone";
			};
			name = Debug;
		};
		23858DBF2971EF1300FDFCC9 /* Release */ = {
			isa = XCBuildConfiguration;
			buildSettings = {
				ALWAYS_SEARCH_USER_PATHS = NO;
				CLANG_ANALYZER_NONNULL = YES;
				CLANG_ANALYZER_NUMBER_OBJECT_CONVERSION = YES_AGGRESSIVE;
				CLANG_CXX_LANGUAGE_STANDARD = "gnu++20";
				CLANG_ENABLE_MODULES = YES;
				CLANG_ENABLE_OBJC_ARC = YES;
				CLANG_ENABLE_OBJC_WEAK = YES;
				CLANG_WARN_BLOCK_CAPTURE_AUTORELEASING = YES;
				CLANG_WARN_BOOL_CONVERSION = YES;
				CLANG_WARN_COMMA = YES;
				CLANG_WARN_CONSTANT_CONVERSION = YES;
				CLANG_WARN_DEPRECATED_OBJC_IMPLEMENTATIONS = YES;
				CLANG_WARN_DIRECT_OBJC_ISA_USAGE = YES_ERROR;
				CLANG_WARN_DOCUMENTATION_COMMENTS = YES;
				CLANG_WARN_EMPTY_BODY = YES;
				CLANG_WARN_ENUM_CONVERSION = YES;
				CLANG_WARN_INFINITE_RECURSION = YES;
				CLANG_WARN_INT_CONVERSION = YES;
				CLANG_WARN_NON_LITERAL_NULL_CONVERSION = YES;
				CLANG_WARN_OBJC_IMPLICIT_RETAIN_SELF = YES;
				CLANG_WARN_OBJC_LITERAL_CONVERSION = YES;
				CLANG_WARN_OBJC_ROOT_CLASS = YES_ERROR;
				CLANG_WARN_QUOTED_INCLUDE_IN_FRAMEWORK_HEADER = YES;
				CLANG_WARN_RANGE_LOOP_ANALYSIS = YES;
				CLANG_WARN_STRICT_PROTOTYPES = YES;
				CLANG_WARN_SUSPICIOUS_MOVE = YES;
				CLANG_WARN_UNGUARDED_AVAILABILITY = YES_AGGRESSIVE;
				CLANG_WARN_UNREACHABLE_CODE = YES;
				CLANG_WARN__DUPLICATE_METHOD_MATCH = YES;
				COPY_PHASE_STRIP = NO;
				DEBUG_INFORMATION_FORMAT = "dwarf-with-dsym";
				ENABLE_NS_ASSERTIONS = NO;
				ENABLE_STRICT_OBJC_MSGSEND = YES;
				GCC_C_LANGUAGE_STANDARD = gnu11;
				GCC_NO_COMMON_BLOCKS = YES;
				GCC_WARN_64_TO_32_BIT_CONVERSION = YES;
				GCC_WARN_ABOUT_RETURN_TYPE = YES_ERROR;
				GCC_WARN_UNDECLARED_SELECTOR = YES;
				GCC_WARN_UNINITIALIZED_AUTOS = YES_AGGRESSIVE;
				GCC_WARN_UNUSED_FUNCTION = YES;
				GCC_WARN_UNUSED_VARIABLE = YES;
				IPHONEOS_DEPLOYMENT_TARGET = 13.0;
				MTL_ENABLE_DEBUG_INFO = NO;
				MTL_FAST_MATH = YES;
				SDKROOT = iphoneos;
				SWIFT_COMPILATION_MODE = wholemodule;
				SWIFT_OPTIMIZATION_LEVEL = "-O";
				VALIDATE_PRODUCT = YES;
			};
			name = Release;
		};
		23858DC12971EF1300FDFCC9 /* Debug */ = {
			isa = XCBuildConfiguration;
			buildSettings = {
				ASSETCATALOG_COMPILER_APPICON_NAME = AppIcon;
				ASSETCATALOG_COMPILER_GLOBAL_ACCENT_COLOR_NAME = AccentColor;
				CODE_SIGN_STYLE = Automatic;
				CURRENT_PROJECT_VERSION = 1;
				DEVELOPMENT_TEAM = 75DSYQ758V;
				GENERATE_INFOPLIST_FILE = YES;
				INFOPLIST_FILE = "GitHub API App/Resources/Info.plist";
				INFOPLIST_KEY_UIApplicationSupportsIndirectInputEvents = YES;
				INFOPLIST_KEY_UILaunchStoryboardName = LaunchScreen;
				INFOPLIST_KEY_UIMainStoryboardFile = Main;
				INFOPLIST_KEY_UIStatusBarStyle = "";
				INFOPLIST_KEY_UISupportedInterfaceOrientations = UIInterfaceOrientationPortrait;
				INFOPLIST_KEY_UISupportedInterfaceOrientations_iPad = "UIInterfaceOrientationPortrait UIInterfaceOrientationPortraitUpsideDown";
				IPHONEOS_DEPLOYMENT_TARGET = 13.0;
				LD_RUNPATH_SEARCH_PATHS = (
					"$(inherited)",
					"@executable_path/Frameworks",
				);
				MARKETING_VERSION = 1.0;
				PRODUCT_BUNDLE_IDENTIFIER = "com.ivanbehichev.GitHub-API-App";
				PRODUCT_NAME = "$(TARGET_NAME)";
				SUPPORTED_PLATFORMS = "iphoneos iphonesimulator";
				SUPPORTS_MACCATALYST = NO;
				SUPPORTS_MAC_DESIGNED_FOR_IPHONE_IPAD = NO;
				SWIFT_EMIT_LOC_STRINGS = YES;
				SWIFT_VERSION = 5.0;
				TARGETED_DEVICE_FAMILY = "1,2";
			};
			name = Debug;
		};
		23858DC22971EF1300FDFCC9 /* Release */ = {
			isa = XCBuildConfiguration;
			buildSettings = {
				ASSETCATALOG_COMPILER_APPICON_NAME = AppIcon;
				ASSETCATALOG_COMPILER_GLOBAL_ACCENT_COLOR_NAME = AccentColor;
				CODE_SIGN_STYLE = Automatic;
				CURRENT_PROJECT_VERSION = 1;
				DEVELOPMENT_TEAM = 75DSYQ758V;
				GENERATE_INFOPLIST_FILE = YES;
				INFOPLIST_FILE = "GitHub API App/Resources/Info.plist";
				INFOPLIST_KEY_UIApplicationSupportsIndirectInputEvents = YES;
				INFOPLIST_KEY_UILaunchStoryboardName = LaunchScreen;
				INFOPLIST_KEY_UIMainStoryboardFile = Main;
				INFOPLIST_KEY_UIStatusBarStyle = "";
				INFOPLIST_KEY_UISupportedInterfaceOrientations = UIInterfaceOrientationPortrait;
				INFOPLIST_KEY_UISupportedInterfaceOrientations_iPad = "UIInterfaceOrientationPortrait UIInterfaceOrientationPortraitUpsideDown";
				IPHONEOS_DEPLOYMENT_TARGET = 13.0;
				LD_RUNPATH_SEARCH_PATHS = (
					"$(inherited)",
					"@executable_path/Frameworks",
				);
				MARKETING_VERSION = 1.0;
				PRODUCT_BUNDLE_IDENTIFIER = "com.ivanbehichev.GitHub-API-App";
				PRODUCT_NAME = "$(TARGET_NAME)";
				SUPPORTED_PLATFORMS = "iphoneos iphonesimulator";
				SUPPORTS_MACCATALYST = NO;
				SUPPORTS_MAC_DESIGNED_FOR_IPHONE_IPAD = NO;
				SWIFT_EMIT_LOC_STRINGS = YES;
				SWIFT_VERSION = 5.0;
				TARGETED_DEVICE_FAMILY = "1,2";
			};
			name = Release;
		};
/* End XCBuildConfiguration section */

/* Begin XCConfigurationList section */
		23858DA72971EF0F00FDFCC9 /* Build configuration list for PBXProject "GitHub API App" */ = {
			isa = XCConfigurationList;
			buildConfigurations = (
				23858DBE2971EF1300FDFCC9 /* Debug */,
				23858DBF2971EF1300FDFCC9 /* Release */,
			);
			defaultConfigurationIsVisible = 0;
			defaultConfigurationName = Release;
		};
		23858DC02971EF1300FDFCC9 /* Build configuration list for PBXNativeTarget "GitHub API App" */ = {
			isa = XCConfigurationList;
			buildConfigurations = (
				23858DC12971EF1300FDFCC9 /* Debug */,
				23858DC22971EF1300FDFCC9 /* Release */,
			);
			defaultConfigurationIsVisible = 0;
			defaultConfigurationName = Release;
		};
/* End XCConfigurationList section */
	};
	rootObject = 23858DA42971EF0F00FDFCC9 /* Project object */;
}
